
Microsoft Visual Studio Solution File, Format Version 12.00
# Visual Studio Version 17
VisualStudioVersion = 17.10.35201.131
MinimumVisualStudioVersion = 10.0.40219.1
Project("{FAE04EC0-301F-11D3-BF4B-00C04F79EFBC}") = "demo-boeing-peoplesoft", "demo-boeing-peoplesoft.csproj", "{0013F688-7572-4A32-921A-C86933EB8000}"
EndProject
Global
	GlobalSection(SolutionConfigurationPlatforms) = preSolution
		Debug|Any CPU = Debug|Any CPU
		Release|Any CPU = Release|Any CPU
	EndGlobalSection
	GlobalSection(ProjectConfigurationPlatforms) = postSolution
		{0013F688-7572-4A32-921A-C86933EB8000}.Debug|Any CPU.ActiveCfg = Debug|Any CPU
		{0013F688-7572-4A32-921A-C86933EB8000}.Debug|Any CPU.Build.0 = Debug|Any CPU
		{0013F688-7572-4A32-921A-C86933EB8000}.Release|Any CPU.ActiveCfg = Release|Any CPU
		{0013F688-7572-4A32-921A-C86933EB8000}.Release|Any CPU.Build.0 = Release|Any CPU
	EndGlobalSection
	GlobalSection(SolutionProperties) = preSolution
		HideSolutionNode = FALSE
	EndGlobalSection
	GlobalSection(ExtensibilityGlobals) = postSolution
		SolutionGuid = {0550C79D-C969-4769-8018-76A73850F64D}
	EndGlobalSection
EndGlobal
